
Microsoft Visual Studio Solution File, Format Version 12.00
# Visual Studio Version 17
VisualStudioVersion = 17.14.36301.6 d17.14
MinimumVisualStudioVersion = 10.0.40219.1
Project("{FAE04EC0-301F-11D3-BF4B-00C04F79EFBC}") = "API", "API\API.csproj", "{8C0835E6-0478-42E4-BC2B-7521C5B0671B}"
EndProject
Global
	GlobalSection(SolutionConfigurationPlatforms) = preSolution
		Debug|Any CPU = Debug|Any CPU
		Release|Any CPU = Release|Any CPU
	EndGlobalSection
	GlobalSection(ProjectConfigurationPlatforms) = postSolution
		{8C0835E6-0478-42E4-BC2B-7521C5B0671B}.Debug|Any CPU.ActiveCfg = Debug|Any CPU
		{8C0835E6-0478-42E4-BC2B-7521C5B0671B}.Debug|Any CPU.Build.0 = Debug|Any CPU
		{8C0835E6-0478-42E4-BC2B-7521C5B0671B}.Release|Any CPU.ActiveCfg = Release|Any CPU
		{8C0835E6-0478-42E4-BC2B-7521C5B0671B}.Release|Any CPU.Build.0 = Release|Any CPU
	EndGlobalSection
	GlobalSection(SolutionProperties) = preSolution
		HideSolutionNode = FALSE
	EndGlobalSection
	GlobalSection(ExtensibilityGlobals) = postSolution
		SolutionGuid = {4B5FD244-44F4-493C-9AB7-1ACC318A29AE}
	EndGlobalSection
EndGlobal
